// !$*UTF8*$!
{
	archiveVersion = 1;
	classes = {
	};
	objectVersion = 48;
	objects = {

/* Begin PBXBuildFile section */
		45DD2BB8862F27AB3A4793AE /* Pods_TaxiApp.framework in Frameworks */ = {isa = PBXBuildFile; fileRef = 37716E9D42005C77FBDF2423 /* Pods_TaxiApp.framework */; };
		51700D9762F113A8E4355750 /* Pods_TaxiAppTests.framework in Frameworks */ = {isa = PBXBuildFile; fileRef = 77ACB73C32C70A5544E4D791 /* Pods_TaxiAppTests.framework */; };
		915A01181F8FAC1B0073838F /* AppDelegate.swift in Sources */ = {isa = PBXBuildFile; fileRef = 915A01171F8FAC1B0073838F /* AppDelegate.swift */; };
		915A011F1F8FAC1B0073838F /* Assets.xcassets in Resources */ = {isa = PBXBuildFile; fileRef = 915A011E1F8FAC1B0073838F /* Assets.xcassets */; };
		915A01221F8FAC1B0073838F /* LaunchScreen.storyboard in Resources */ = {isa = PBXBuildFile; fileRef = 915A01201F8FAC1B0073838F /* LaunchScreen.storyboard */; };
		915A01381F8FAC1B0073838F /* TaxiAppUITests.swift in Sources */ = {isa = PBXBuildFile; fileRef = 915A01371F8FAC1B0073838F /* TaxiAppUITests.swift */; };
		916301CD1F93952A005C8E83 /* MapLocationView.swift in Sources */ = {isa = PBXBuildFile; fileRef = 916301CC1F93952A005C8E83 /* MapLocationView.swift */; };
		916301D21F93ADC3005C8E83 /* Trigger.swift in Sources */ = {isa = PBXBuildFile; fileRef = 916301D11F93ADC3005C8E83 /* Trigger.swift */; };
		916301D41F93B67A005C8E83 /* Drivers.swift in Sources */ = {isa = PBXBuildFile; fileRef = 916301D31F93B67A005C8E83 /* Drivers.swift */; };
		917E51B31F940AC500584B85 /* ReverseGeolocationService.swift in Sources */ = {isa = PBXBuildFile; fileRef = 917E51B21F940AC500584B85 /* ReverseGeolocationService.swift */; };
		917E51B51F940DBA00584B85 /* Address.swift in Sources */ = {isa = PBXBuildFile; fileRef = 917E51B41F940DBA00584B85 /* Address.swift */; };
		91960E2E1F92794500B8A152 /* AppConfig.swift in Sources */ = {isa = PBXBuildFile; fileRef = 91960E2D1F92794500B8A152 /* AppConfig.swift */; };
		91960E331F92BE7D00B8A152 /* Coordinate.swift in Sources */ = {isa = PBXBuildFile; fileRef = 91960E321F92BE7D00B8A152 /* Coordinate.swift */; };
		91960E381F92D1E700B8A152 /* Driver.swift in Sources */ = {isa = PBXBuildFile; fileRef = 91960E371F92D1E700B8A152 /* Driver.swift */; };
		91960E411F92D41800B8A152 /* Mappable.swift in Sources */ = {isa = PBXBuildFile; fileRef = 91960E401F92D41800B8A152 /* Mappable.swift */; };
		919D7CBB1F9245B20009B18F /* MapPageModule.swift in Sources */ = {isa = PBXBuildFile; fileRef = 919D7CB71F9245B20009B18F /* MapPageModule.swift */; };
		919D7CBC1F9245B20009B18F /* MapPageInteractor.swift in Sources */ = {isa = PBXBuildFile; fileRef = 919D7CB81F9245B20009B18F /* MapPageInteractor.swift */; };
		919D7CBD1F9245B20009B18F /* MapPageView.swift in Sources */ = {isa = PBXBuildFile; fileRef = 919D7CB91F9245B20009B18F /* MapPageView.swift */; };
		919D7CBE1F9245B20009B18F /* MapPageWireframe.swift in Sources */ = {isa = PBXBuildFile; fileRef = 919D7CBA1F9245B20009B18F /* MapPageWireframe.swift */; };
		919D7CC41F9245C10009B18F /* MapPagePresenter.swift in Sources */ = {isa = PBXBuildFile; fileRef = 919D7CBF1F9245C10009B18F /* MapPagePresenter.swift */; };
		919D7CC51F9245C10009B18F /* MapPageRouter.swift in Sources */ = {isa = PBXBuildFile; fileRef = 919D7CC01F9245C10009B18F /* MapPageRouter.swift */; };
		919D7CC61F9245C10009B18F /* MapPageViewController.swift in Sources */ = {isa = PBXBuildFile; fileRef = 919D7CC11F9245C10009B18F /* MapPageViewController.swift */; };
		919D7CC71F9245C10009B18F /* MapPageInputInteractor.swift in Sources */ = {isa = PBXBuildFile; fileRef = 919D7CC21F9245C10009B18F /* MapPageInputInteractor.swift */; };
		919D7CC81F9245C10009B18F /* MapPageConfigurator.swift in Sources */ = {isa = PBXBuildFile; fileRef = 919D7CC31F9245C10009B18F /* MapPageConfigurator.swift */; };
		919D7CCB1F9246C20009B18F /* MapPageViewController.xib in Resources */ = {isa = PBXBuildFile; fileRef = 919D7CCA1F9246C20009B18F /* MapPageViewController.xib */; };
		919D7CD11F924B790009B18F /* ConfiguratorError.swift in Sources */ = {isa = PBXBuildFile; fileRef = 919D7CD01F924B790009B18F /* ConfiguratorError.swift */; };
		919D7CD41F9254A90009B18F /* AppMain.swift in Sources */ = {isa = PBXBuildFile; fileRef = 919D7CD31F9254A90009B18F /* AppMain.swift */; };
		91CEE9871F93E18E0070CD38 /* Double+Extension.swift in Sources */ = {isa = PBXBuildFile; fileRef = 91CEE9861F93E18E0070CD38 /* Double+Extension.swift */; };
		91FFFC681F93621500D58203 /* RequestMethod.swift in Sources */ = {isa = PBXBuildFile; fileRef = 91FFFC631F93621400D58203 /* RequestMethod.swift */; };
		91FFFC691F93621500D58203 /* Endpoint.swift in Sources */ = {isa = PBXBuildFile; fileRef = 91FFFC641F93621500D58203 /* Endpoint.swift */; };
		91FFFC6A1F93621500D58203 /* RequestEncoding.swift in Sources */ = {isa = PBXBuildFile; fileRef = 91FFFC651F93621500D58203 /* RequestEncoding.swift */; };
		91FFFC6B1F93621500D58203 /* RequestResult.swift in Sources */ = {isa = PBXBuildFile; fileRef = 91FFFC661F93621500D58203 /* RequestResult.swift */; };
		91FFFC6C1F93621500D58203 /* WebService.swift in Sources */ = {isa = PBXBuildFile; fileRef = 91FFFC671F93621500D58203 /* WebService.swift */; };
		91FFFC6E1F93624800D58203 /* Dictionary+UrlEncoder.swift in Sources */ = {isa = PBXBuildFile; fileRef = 91FFFC6D1F93624800D58203 /* Dictionary+UrlEncoder.swift */; };
		91FFFC731F93633500D58203 /* DriversEndpoint.swift in Sources */ = {isa = PBXBuildFile; fileRef = 91FFFC721F93633500D58203 /* DriversEndpoint.swift */; };
		91FFFC751F936A1800D58203 /* DriversService.swift in Sources */ = {isa = PBXBuildFile; fileRef = 91FFFC741F936A1800D58203 /* DriversService.swift */; };
		91FFFC771F936A3700D58203 /* Gettable.swift in Sources */ = {isa = PBXBuildFile; fileRef = 91FFFC761F936A3700D58203 /* Gettable.swift */; };
		B7A4F187E90EB6E881426BBA /* Pods_TaxiAppUITests.framework in Frameworks */ = {isa = PBXBuildFile; fileRef = C8444898FA2CA3560AB8C9B3 /* Pods_TaxiAppUITests.framework */; };
/* End PBXBuildFile section */

/* Begin PBXContainerItemProxy section */
		915A01291F8FAC1B0073838F /* PBXContainerItemProxy */ = {
			isa = PBXContainerItemProxy;
			containerPortal = 915A010C1F8FAC1B0073838F /* Project object */;
			proxyType = 1;
			remoteGlobalIDString = 915A01131F8FAC1B0073838F;
			remoteInfo = TaxiApp;
		};
		915A01341F8FAC1B0073838F /* PBXContainerItemProxy */ = {
			isa = PBXContainerItemProxy;
			containerPortal = 915A010C1F8FAC1B0073838F /* Project object */;
			proxyType = 1;
			remoteGlobalIDString = 915A01131F8FAC1B0073838F;
			remoteInfo = TaxiApp;
		};
/* End PBXContainerItemProxy section */

/* Begin PBXFileReference section */
		26CC6D704D5FF1768B62E1B5 /* Pods-TaxiApp.release.xcconfig */ = {isa = PBXFileReference; includeInIndex = 1; lastKnownFileType = text.xcconfig; name = "Pods-TaxiApp.release.xcconfig"; path = "Pods/Target Support Files/Pods-TaxiApp/Pods-TaxiApp.release.xcconfig"; sourceTree = "<group>"; };
		32085267F4CAA0D3D32BE7C4 /* Pods-TaxiAppTests.debug.xcconfig */ = {isa = PBXFileReference; includeInIndex = 1; lastKnownFileType = text.xcconfig; name = "Pods-TaxiAppTests.debug.xcconfig"; path = "Pods/Target Support Files/Pods-TaxiAppTests/Pods-TaxiAppTests.debug.xcconfig"; sourceTree = "<group>"; };
		37716E9D42005C77FBDF2423 /* Pods_TaxiApp.framework */ = {isa = PBXFileReference; explicitFileType = wrapper.framework; includeInIndex = 0; path = Pods_TaxiApp.framework; sourceTree = BUILT_PRODUCTS_DIR; };
		4ED3795FA4BBBEBA6BD8D334 /* Pods-TaxiAppUITests.debug.xcconfig */ = {isa = PBXFileReference; includeInIndex = 1; lastKnownFileType = text.xcconfig; name = "Pods-TaxiAppUITests.debug.xcconfig"; path = "Pods/Target Support Files/Pods-TaxiAppUITests/Pods-TaxiAppUITests.debug.xcconfig"; sourceTree = "<group>"; };
		5DE8DA38640254D58822B524 /* Pods-TaxiAppUITests.release.xcconfig */ = {isa = PBXFileReference; includeInIndex = 1; lastKnownFileType = text.xcconfig; name = "Pods-TaxiAppUITests.release.xcconfig"; path = "Pods/Target Support Files/Pods-TaxiAppUITests/Pods-TaxiAppUITests.release.xcconfig"; sourceTree = "<group>"; };
		77ACB73C32C70A5544E4D791 /* Pods_TaxiAppTests.framework */ = {isa = PBXFileReference; explicitFileType = wrapper.framework; includeInIndex = 0; path = Pods_TaxiAppTests.framework; sourceTree = BUILT_PRODUCTS_DIR; };
		915A01141F8FAC1B0073838F /* TaxiApp.app */ = {isa = PBXFileReference; explicitFileType = wrapper.application; includeInIndex = 0; path = TaxiApp.app; sourceTree = BUILT_PRODUCTS_DIR; };
		915A01171F8FAC1B0073838F /* AppDelegate.swift */ = {isa = PBXFileReference; lastKnownFileType = sourcecode.swift; path = AppDelegate.swift; sourceTree = "<group>"; };
		915A011E1F8FAC1B0073838F /* Assets.xcassets */ = {isa = PBXFileReference; lastKnownFileType = folder.assetcatalog; path = Assets.xcassets; sourceTree = "<group>"; };
		915A01211F8FAC1B0073838F /* Base */ = {isa = PBXFileReference; lastKnownFileType = file.storyboard; name = Base; path = Base.lproj/LaunchScreen.storyboard; sourceTree = "<group>"; };
		915A01231F8FAC1B0073838F /* Info.plist */ = {isa = PBXFileReference; lastKnownFileType = text.plist.xml; path = Info.plist; sourceTree = "<group>"; };
		915A01281F8FAC1B0073838F /* TaxiAppTests.xctest */ = {isa = PBXFileReference; explicitFileType = wrapper.cfbundle; includeInIndex = 0; path = TaxiAppTests.xctest; sourceTree = BUILT_PRODUCTS_DIR; };
		915A012E1F8FAC1B0073838F /* Info.plist */ = {isa = PBXFileReference; lastKnownFileType = text.plist.xml; path = Info.plist; sourceTree = "<group>"; };
		915A01331F8FAC1B0073838F /* TaxiAppUITests.xctest */ = {isa = PBXFileReference; explicitFileType = wrapper.cfbundle; includeInIndex = 0; path = TaxiAppUITests.xctest; sourceTree = BUILT_PRODUCTS_DIR; };
		915A01371F8FAC1B0073838F /* TaxiAppUITests.swift */ = {isa = PBXFileReference; lastKnownFileType = sourcecode.swift; path = TaxiAppUITests.swift; sourceTree = "<group>"; };
		915A01391F8FAC1B0073838F /* Info.plist */ = {isa = PBXFileReference; lastKnownFileType = text.plist.xml; path = Info.plist; sourceTree = "<group>"; };
		916301CC1F93952A005C8E83 /* MapLocationView.swift */ = {isa = PBXFileReference; lastKnownFileType = sourcecode.swift; path = MapLocationView.swift; sourceTree = "<group>"; };
		916301D11F93ADC3005C8E83 /* Trigger.swift */ = {isa = PBXFileReference; lastKnownFileType = sourcecode.swift; path = Trigger.swift; sourceTree = "<group>"; };
		916301D31F93B67A005C8E83 /* Drivers.swift */ = {isa = PBXFileReference; lastKnownFileType = sourcecode.swift; path = Drivers.swift; sourceTree = "<group>"; };
		917E51B21F940AC500584B85 /* ReverseGeolocationService.swift */ = {isa = PBXFileReference; lastKnownFileType = sourcecode.swift; path = ReverseGeolocationService.swift; sourceTree = "<group>"; };
		917E51B41F940DBA00584B85 /* Address.swift */ = {isa = PBXFileReference; lastKnownFileType = sourcecode.swift; path = Address.swift; sourceTree = "<group>"; };
		91960E2D1F92794500B8A152 /* AppConfig.swift */ = {isa = PBXFileReference; lastKnownFileType = sourcecode.swift; path = AppConfig.swift; sourceTree = "<group>"; };
		91960E321F92BE7D00B8A152 /* Coordinate.swift */ = {isa = PBXFileReference; lastKnownFileType = sourcecode.swift; path = Coordinate.swift; sourceTree = "<group>"; };
		91960E371F92D1E700B8A152 /* Driver.swift */ = {isa = PBXFileReference; lastKnownFileType = sourcecode.swift; path = Driver.swift; sourceTree = "<group>"; };
		91960E401F92D41800B8A152 /* Mappable.swift */ = {isa = PBXFileReference; lastKnownFileType = sourcecode.swift; path = Mappable.swift; sourceTree = "<group>"; };
		919D7CB71F9245B20009B18F /* MapPageModule.swift */ = {isa = PBXFileReference; lastKnownFileType = sourcecode.swift; path = MapPageModule.swift; sourceTree = "<group>"; };
		919D7CB81F9245B20009B18F /* MapPageInteractor.swift */ = {isa = PBXFileReference; lastKnownFileType = sourcecode.swift; path = MapPageInteractor.swift; sourceTree = "<group>"; };
		919D7CB91F9245B20009B18F /* MapPageView.swift */ = {isa = PBXFileReference; lastKnownFileType = sourcecode.swift; path = MapPageView.swift; sourceTree = "<group>"; };
		919D7CBA1F9245B20009B18F /* MapPageWireframe.swift */ = {isa = PBXFileReference; lastKnownFileType = sourcecode.swift; path = MapPageWireframe.swift; sourceTree = "<group>"; };
		919D7CBF1F9245C10009B18F /* MapPagePresenter.swift */ = {isa = PBXFileReference; lastKnownFileType = sourcecode.swift; path = MapPagePresenter.swift; sourceTree = "<group>"; };
		919D7CC01F9245C10009B18F /* MapPageRouter.swift */ = {isa = PBXFileReference; lastKnownFileType = sourcecode.swift; path = MapPageRouter.swift; sourceTree = "<group>"; };
		919D7CC11F9245C10009B18F /* MapPageViewController.swift */ = {isa = PBXFileReference; lastKnownFileType = sourcecode.swift; path = MapPageViewController.swift; sourceTree = "<group>"; };
		919D7CC21F9245C10009B18F /* MapPageInputInteractor.swift */ = {isa = PBXFileReference; lastKnownFileType = sourcecode.swift; path = MapPageInputInteractor.swift; sourceTree = "<group>"; };
		919D7CC31F9245C10009B18F /* MapPageConfigurator.swift */ = {isa = PBXFileReference; lastKnownFileType = sourcecode.swift; path = MapPageConfigurator.swift; sourceTree = "<group>"; };
		919D7CCA1F9246C20009B18F /* MapPageViewController.xib */ = {isa = PBXFileReference; lastKnownFileType = file.xib; path = MapPageViewController.xib; sourceTree = "<group>"; };
		919D7CD01F924B790009B18F /* ConfiguratorError.swift */ = {isa = PBXFileReference; lastKnownFileType = sourcecode.swift; path = ConfiguratorError.swift; sourceTree = "<group>"; };
		919D7CD31F9254A90009B18F /* AppMain.swift */ = {isa = PBXFileReference; lastKnownFileType = sourcecode.swift; path = AppMain.swift; sourceTree = "<group>"; };
		91CEE9861F93E18E0070CD38 /* Double+Extension.swift */ = {isa = PBXFileReference; lastKnownFileType = sourcecode.swift; path = "Double+Extension.swift"; sourceTree = "<group>"; };
		91FFFC631F93621400D58203 /* RequestMethod.swift */ = {isa = PBXFileReference; fileEncoding = 4; lastKnownFileType = sourcecode.swift; path = RequestMethod.swift; sourceTree = "<group>"; };
		91FFFC641F93621500D58203 /* Endpoint.swift */ = {isa = PBXFileReference; fileEncoding = 4; lastKnownFileType = sourcecode.swift; path = Endpoint.swift; sourceTree = "<group>"; };
		91FFFC651F93621500D58203 /* RequestEncoding.swift */ = {isa = PBXFileReference; fileEncoding = 4; lastKnownFileType = sourcecode.swift; path = RequestEncoding.swift; sourceTree = "<group>"; };
		91FFFC661F93621500D58203 /* RequestResult.swift */ = {isa = PBXFileReference; fileEncoding = 4; lastKnownFileType = sourcecode.swift; path = RequestResult.swift; sourceTree = "<group>"; };
		91FFFC671F93621500D58203 /* WebService.swift */ = {isa = PBXFileReference; fileEncoding = 4; lastKnownFileType = sourcecode.swift; path = WebService.swift; sourceTree = "<group>"; };
		91FFFC6D1F93624800D58203 /* Dictionary+UrlEncoder.swift */ = {isa = PBXFileReference; fileEncoding = 4; lastKnownFileType = sourcecode.swift; path = "Dictionary+UrlEncoder.swift"; sourceTree = "<group>"; };
		91FFFC721F93633500D58203 /* DriversEndpoint.swift */ = {isa = PBXFileReference; lastKnownFileType = sourcecode.swift; path = DriversEndpoint.swift; sourceTree = "<group>"; };
		91FFFC741F936A1800D58203 /* DriversService.swift */ = {isa = PBXFileReference; lastKnownFileType = sourcecode.swift; path = DriversService.swift; sourceTree = "<group>"; };
		91FFFC761F936A3700D58203 /* Gettable.swift */ = {isa = PBXFileReference; lastKnownFileType = sourcecode.swift; path = Gettable.swift; sourceTree = "<group>"; };
		93A40FBF35AD52AFE77C670B /* Pods-TaxiApp.debug.xcconfig */ = {isa = PBXFileReference; includeInIndex = 1; lastKnownFileType = text.xcconfig; name = "Pods-TaxiApp.debug.xcconfig"; path = "Pods/Target Support Files/Pods-TaxiApp/Pods-TaxiApp.debug.xcconfig"; sourceTree = "<group>"; };
		C8444898FA2CA3560AB8C9B3 /* Pods_TaxiAppUITests.framework */ = {isa = PBXFileReference; explicitFileType = wrapper.framework; includeInIndex = 0; path = Pods_TaxiAppUITests.framework; sourceTree = BUILT_PRODUCTS_DIR; };
		E244A437CCD16DB2233A7CB2 /* Pods-TaxiAppTests.release.xcconfig */ = {isa = PBXFileReference; includeInIndex = 1; lastKnownFileType = text.xcconfig; name = "Pods-TaxiAppTests.release.xcconfig"; path = "Pods/Target Support Files/Pods-TaxiAppTests/Pods-TaxiAppTests.release.xcconfig"; sourceTree = "<group>"; };
/* End PBXFileReference section */

/* Begin PBXFrameworksBuildPhase section */
		915A01111F8FAC1B0073838F /* Frameworks */ = {
			isa = PBXFrameworksBuildPhase;
			buildActionMask = 2147483647;
			files = (
				45DD2BB8862F27AB3A4793AE /* Pods_TaxiApp.framework in Frameworks */,
			);
			runOnlyForDeploymentPostprocessing = 0;
		};
		915A01251F8FAC1B0073838F /* Frameworks */ = {
			isa = PBXFrameworksBuildPhase;
			buildActionMask = 2147483647;
			files = (
				51700D9762F113A8E4355750 /* Pods_TaxiAppTests.framework in Frameworks */,
			);
			runOnlyForDeploymentPostprocessing = 0;
		};
		915A01301F8FAC1B0073838F /* Frameworks */ = {
			isa = PBXFrameworksBuildPhase;
			buildActionMask = 2147483647;
			files = (
				B7A4F187E90EB6E881426BBA /* Pods_TaxiAppUITests.framework in Frameworks */,
			);
			runOnlyForDeploymentPostprocessing = 0;
		};
/* End PBXFrameworksBuildPhase section */

/* Begin PBXGroup section */
		401E9082AB314B4E2A3374F9 /* Frameworks */ = {
			isa = PBXGroup;
			children = (
				37716E9D42005C77FBDF2423 /* Pods_TaxiApp.framework */,
				77ACB73C32C70A5544E4D791 /* Pods_TaxiAppTests.framework */,
				C8444898FA2CA3560AB8C9B3 /* Pods_TaxiAppUITests.framework */,
			);
			name = Frameworks;
			sourceTree = "<group>";
		};
		61998676E697580D165568A2 /* Pods */ = {
			isa = PBXGroup;
			children = (
				93A40FBF35AD52AFE77C670B /* Pods-TaxiApp.debug.xcconfig */,
				26CC6D704D5FF1768B62E1B5 /* Pods-TaxiApp.release.xcconfig */,
				32085267F4CAA0D3D32BE7C4 /* Pods-TaxiAppTests.debug.xcconfig */,
				E244A437CCD16DB2233A7CB2 /* Pods-TaxiAppTests.release.xcconfig */,
				4ED3795FA4BBBEBA6BD8D334 /* Pods-TaxiAppUITests.debug.xcconfig */,
				5DE8DA38640254D58822B524 /* Pods-TaxiAppUITests.release.xcconfig */,
			);
			name = Pods;
			sourceTree = "<group>";
		};
		915A010B1F8FAC1B0073838F = {
			isa = PBXGroup;
			children = (
				915A01161F8FAC1B0073838F /* TaxiApp */,
				915A012B1F8FAC1B0073838F /* TaxiAppTests */,
				915A01361F8FAC1B0073838F /* TaxiAppUITests */,
				915A01151F8FAC1B0073838F /* Products */,
				61998676E697580D165568A2 /* Pods */,
				401E9082AB314B4E2A3374F9 /* Frameworks */,
			);
			sourceTree = "<group>";
		};
		915A01151F8FAC1B0073838F /* Products */ = {
			isa = PBXGroup;
			children = (
				915A01141F8FAC1B0073838F /* TaxiApp.app */,
				915A01281F8FAC1B0073838F /* TaxiAppTests.xctest */,
				915A01331F8FAC1B0073838F /* TaxiAppUITests.xctest */,
			);
			name = Products;
			sourceTree = "<group>";
		};
		915A01161F8FAC1B0073838F /* TaxiApp */ = {
			isa = PBXGroup;
			children = (
				919D7CD21F9254750009B18F /* Application */,
				919D7CAB1F9244FD0009B18F /* Common */,
				919D7CAA1F9244F40009B18F /* Scenes */,
				915A011E1F8FAC1B0073838F /* Assets.xcassets */,
				915A01201F8FAC1B0073838F /* LaunchScreen.storyboard */,
				915A01231F8FAC1B0073838F /* Info.plist */,
			);
			path = TaxiApp;
			sourceTree = "<group>";
		};
		915A012B1F8FAC1B0073838F /* TaxiAppTests */ = {
			isa = PBXGroup;
			children = (
				915A012E1F8FAC1B0073838F /* Info.plist */,
			);
			path = TaxiAppTests;
			sourceTree = "<group>";
		};
		915A01361F8FAC1B0073838F /* TaxiAppUITests */ = {
			isa = PBXGroup;
			children = (
				915A01371F8FAC1B0073838F /* TaxiAppUITests.swift */,
				915A01391F8FAC1B0073838F /* Info.plist */,
			);
			path = TaxiAppUITests;
			sourceTree = "<group>";
		};
		916301CE1F939EBE005C8E83 /* Helpers */ = {
			isa = PBXGroup;
			children = (
				916301D11F93ADC3005C8E83 /* Trigger.swift */,
			);
			path = Helpers;
			sourceTree = "<group>";
		};
		91960E311F92BE5B00B8A152 /* Models */ = {
			isa = PBXGroup;
			children = (
				917E51B41F940DBA00584B85 /* Address.swift */,
				91960E321F92BE7D00B8A152 /* Coordinate.swift */,
				91960E371F92D1E700B8A152 /* Driver.swift */,
				916301D31F93B67A005C8E83 /* Drivers.swift */,
			);
			path = Models;
			sourceTree = "<group>";
		};
		91960E3F1F92D3D300B8A152 /* Protocols */ = {
			isa = PBXGroup;
			children = (
				91FFFC761F936A3700D58203 /* Gettable.swift */,
				91960E401F92D41800B8A152 /* Mappable.swift */,
			);
			path = Protocols;
			sourceTree = "<group>";
		};
		919D7CAA1F9244F40009B18F /* Scenes */ = {
			isa = PBXGroup;
			children = (
				919D7CB51F9245850009B18F /* MapPage */,
			);
			path = Scenes;
			sourceTree = "<group>";
		};
		919D7CAB1F9244FD0009B18F /* Common */ = {
			isa = PBXGroup;
			children = (
				91CEE9851F93E17E0070CD38 /* Extension */,
				919D7CCF1F924B6B0009B18F /* Errors */,
				916301CE1F939EBE005C8E83 /* Helpers */,
				91960E311F92BE5B00B8A152 /* Models */,
				91FFFC611F935AFA00D58203 /* Networking */,
				91960E3F1F92D3D300B8A152 /* Protocols */,
			);
			path = Common;
			sourceTree = "<group>";
		};
		919D7CB51F9245850009B18F /* MapPage */ = {
			isa = PBXGroup;
			children = (
				919D7CC91F9246540009B18F /* Views */,
				919D7CB61F9245960009B18F /* Interfaces */,
				919D7CC11F9245C10009B18F /* MapPageViewController.swift */,
				919D7CBF1F9245C10009B18F /* MapPagePresenter.swift */,
				919D7CC21F9245C10009B18F /* MapPageInputInteractor.swift */,
				919D7CC01F9245C10009B18F /* MapPageRouter.swift */,
				919D7CC31F9245C10009B18F /* MapPageConfigurator.swift */,
			);
			path = MapPage;
			sourceTree = "<group>";
		};
		919D7CB61F9245960009B18F /* Interfaces */ = {
			isa = PBXGroup;
			children = (
				919D7CB91F9245B20009B18F /* MapPageView.swift */,
				919D7CB71F9245B20009B18F /* MapPageModule.swift */,
				919D7CB81F9245B20009B18F /* MapPageInteractor.swift */,
				919D7CBA1F9245B20009B18F /* MapPageWireframe.swift */,
			);
			path = Interfaces;
			sourceTree = "<group>";
		};
		919D7CC91F9246540009B18F /* Views */ = {
			isa = PBXGroup;
			children = (
				919D7CCA1F9246C20009B18F /* MapPageViewController.xib */,
				916301CC1F93952A005C8E83 /* MapLocationView.swift */,
			);
			path = Views;
			sourceTree = "<group>";
		};
		919D7CCF1F924B6B0009B18F /* Errors */ = {
			isa = PBXGroup;
			children = (
				919D7CD01F924B790009B18F /* ConfiguratorError.swift */,
			);
			path = Errors;
			sourceTree = "<group>";
		};
		919D7CD21F9254750009B18F /* Application */ = {
			isa = PBXGroup;
			children = (
				915A01171F8FAC1B0073838F /* AppDelegate.swift */,
				919D7CD31F9254A90009B18F /* AppMain.swift */,
				91960E2D1F92794500B8A152 /* AppConfig.swift */,
			);
			path = Application;
			sourceTree = "<group>";
		};
		91CEE9851F93E17E0070CD38 /* Extension */ = {
			isa = PBXGroup;
			children = (
				91CEE9861F93E18E0070CD38 /* Double+Extension.swift */,
			);
			path = Extension;
			sourceTree = "<group>";
		};
		91FFFC611F935AFA00D58203 /* Networking */ = {
			isa = PBXGroup;
			children = (
				91FFFC711F93631A00D58203 /* Service */,
				91FFFC701F93630B00D58203 /* Endpoint */,
				91FFFC621F935B4C00D58203 /* WebService */,
			);
			path = Networking;
			sourceTree = "<group>";
		};
		91FFFC621F935B4C00D58203 /* WebService */ = {
			isa = PBXGroup;
			children = (
				91FFFC6D1F93624800D58203 /* Dictionary+UrlEncoder.swift */,
				91FFFC641F93621500D58203 /* Endpoint.swift */,
				91FFFC651F93621500D58203 /* RequestEncoding.swift */,
				91FFFC631F93621400D58203 /* RequestMethod.swift */,
				91FFFC661F93621500D58203 /* RequestResult.swift */,
				91FFFC671F93621500D58203 /* WebService.swift */,
			);
			path = WebService;
			sourceTree = "<group>";
		};
		91FFFC701F93630B00D58203 /* Endpoint */ = {
			isa = PBXGroup;
			children = (
				91FFFC721F93633500D58203 /* DriversEndpoint.swift */,
			);
			path = Endpoint;
			sourceTree = "<group>";
		};
		91FFFC711F93631A00D58203 /* Service */ = {
			isa = PBXGroup;
			children = (
				91FFFC741F936A1800D58203 /* DriversService.swift */,
				917E51B21F940AC500584B85 /* ReverseGeolocationService.swift */,
			);
			path = Service;
			sourceTree = "<group>";
		};
/* End PBXGroup section */

/* Begin PBXNativeTarget section */
		915A01131F8FAC1B0073838F /* TaxiApp */ = {
			isa = PBXNativeTarget;
			buildConfigurationList = 915A013C1F8FAC1B0073838F /* Build configuration list for PBXNativeTarget "TaxiApp" */;
			buildPhases = (
				98340EBD886327BEC08DA588 /* [CP] Check Pods Manifest.lock */,
				915A01101F8FAC1B0073838F /* Sources */,
				915A01111F8FAC1B0073838F /* Frameworks */,
				915A01121F8FAC1B0073838F /* Resources */,
				E25922BDB9CB283BDDCEDF8A /* [CP] Embed Pods Frameworks */,
				1CF31EB55C885DA3726CC6AC /* [CP] Copy Pods Resources */,
			);
			buildRules = (
			);
			dependencies = (
			);
			name = TaxiApp;
			productName = TaxiApp;
			productReference = 915A01141F8FAC1B0073838F /* TaxiApp.app */;
			productType = "com.apple.product-type.application";
		};
		915A01271F8FAC1B0073838F /* TaxiAppTests */ = {
			isa = PBXNativeTarget;
			buildConfigurationList = 915A013F1F8FAC1B0073838F /* Build configuration list for PBXNativeTarget "TaxiAppTests" */;
			buildPhases = (
				3DFF4E3BF4E6B1CB0812258E /* [CP] Check Pods Manifest.lock */,
				915A01241F8FAC1B0073838F /* Sources */,
				915A01251F8FAC1B0073838F /* Frameworks */,
				915A01261F8FAC1B0073838F /* Resources */,
				837D19D9E9AE281620309C9C /* [CP] Embed Pods Frameworks */,
				51FF5C73C63CC8C194A2E74E /* [CP] Copy Pods Resources */,
			);
			buildRules = (
			);
			dependencies = (
				915A012A1F8FAC1B0073838F /* PBXTargetDependency */,
			);
			name = TaxiAppTests;
			productName = TaxiAppTests;
			productReference = 915A01281F8FAC1B0073838F /* TaxiAppTests.xctest */;
			productType = "com.apple.product-type.bundle.unit-test";
		};
		915A01321F8FAC1B0073838F /* TaxiAppUITests */ = {
			isa = PBXNativeTarget;
			buildConfigurationList = 915A01421F8FAC1B0073838F /* Build configuration list for PBXNativeTarget "TaxiAppUITests" */;
			buildPhases = (
				528E061B8BBCF2ED18BF43E1 /* [CP] Check Pods Manifest.lock */,
				915A012F1F8FAC1B0073838F /* Sources */,
				915A01301F8FAC1B0073838F /* Frameworks */,
				915A01311F8FAC1B0073838F /* Resources */,
				FCBE99B36734A674DD9412C1 /* [CP] Embed Pods Frameworks */,
				3D92B3495550B98A5B6BACD3 /* [CP] Copy Pods Resources */,
			);
			buildRules = (
			);
			dependencies = (
				915A01351F8FAC1B0073838F /* PBXTargetDependency */,
			);
			name = TaxiAppUITests;
			productName = TaxiAppUITests;
			productReference = 915A01331F8FAC1B0073838F /* TaxiAppUITests.xctest */;
			productType = "com.apple.product-type.bundle.ui-testing";
		};
/* End PBXNativeTarget section */

/* Begin PBXProject section */
		915A010C1F8FAC1B0073838F /* Project object */ = {
			isa = PBXProject;
			attributes = {
				LastSwiftUpdateCheck = 0900;
				LastUpgradeCheck = 0900;
				ORGANIZATIONNAME = dede.exe;
				TargetAttributes = {
					915A01131F8FAC1B0073838F = {
						CreatedOnToolsVersion = 9.0;
						ProvisioningStyle = Automatic;
						SystemCapabilities = {
							com.apple.Maps.iOS = {
								enabled = 0;
							};
						};
					};
					915A01271F8FAC1B0073838F = {
						CreatedOnToolsVersion = 9.0;
						ProvisioningStyle = Automatic;
						TestTargetID = 915A01131F8FAC1B0073838F;
					};
					915A01321F8FAC1B0073838F = {
						CreatedOnToolsVersion = 9.0;
						ProvisioningStyle = Automatic;
						TestTargetID = 915A01131F8FAC1B0073838F;
					};
				};
			};
			buildConfigurationList = 915A010F1F8FAC1B0073838F /* Build configuration list for PBXProject "TaxiApp" */;
			compatibilityVersion = "Xcode 8.0";
			developmentRegion = en;
			hasScannedForEncodings = 0;
			knownRegions = (
				en,
				Base,
			);
			mainGroup = 915A010B1F8FAC1B0073838F;
			productRefGroup = 915A01151F8FAC1B0073838F /* Products */;
			projectDirPath = "";
			projectRoot = "";
			targets = (
				915A01131F8FAC1B0073838F /* TaxiApp */,
				915A01271F8FAC1B0073838F /* TaxiAppTests */,
				915A01321F8FAC1B0073838F /* TaxiAppUITests */,
			);
		};
/* End PBXProject section */

/* Begin PBXResourcesBuildPhase section */
		915A01121F8FAC1B0073838F /* Resources */ = {
			isa = PBXResourcesBuildPhase;
			buildActionMask = 2147483647;
			files = (
				915A01221F8FAC1B0073838F /* LaunchScreen.storyboard in Resources */,
				915A011F1F8FAC1B0073838F /* Assets.xcassets in Resources */,
				919D7CCB1F9246C20009B18F /* MapPageViewController.xib in Resources */,
			);
			runOnlyForDeploymentPostprocessing = 0;
		};
		915A01261F8FAC1B0073838F /* Resources */ = {
			isa = PBXResourcesBuildPhase;
			buildActionMask = 2147483647;
			files = (
			);
			runOnlyForDeploymentPostprocessing = 0;
		};
		915A01311F8FAC1B0073838F /* Resources */ = {
			isa = PBXResourcesBuildPhase;
			buildActionMask = 2147483647;
			files = (
			);
			runOnlyForDeploymentPostprocessing = 0;
		};
/* End PBXResourcesBuildPhase section */

/* Begin PBXShellScriptBuildPhase section */
		1CF31EB55C885DA3726CC6AC /* [CP] Copy Pods Resources */ = {
			isa = PBXShellScriptBuildPhase;
			buildActionMask = 2147483647;
			files = (
			);
			inputPaths = (
				"${SRCROOT}/Pods/Target Support Files/Pods-TaxiApp/Pods-TaxiApp-resources.sh",
				"${PODS_ROOT}/GoogleMaps/Maps/Frameworks/GoogleMaps.framework/Resources/GoogleMaps.bundle",
				"${PODS_ROOT}/GooglePlaces/Frameworks/GooglePlaces.framework/Resources/GooglePlaces.bundle",
			);
			name = "[CP] Copy Pods Resources";
			outputPaths = (
				"${TARGET_BUILD_DIR}/${UNLOCALIZED_RESOURCES_FOLDER_PATH}",
			);
			runOnlyForDeploymentPostprocessing = 0;
			shellPath = /bin/sh;
			shellScript = "\"${SRCROOT}/Pods/Target Support Files/Pods-TaxiApp/Pods-TaxiApp-resources.sh\"\n";
			showEnvVarsInLog = 0;
		};
		3D92B3495550B98A5B6BACD3 /* [CP] Copy Pods Resources */ = {
			isa = PBXShellScriptBuildPhase;
			buildActionMask = 2147483647;
			files = (
			);
			inputPaths = (
			);
			name = "[CP] Copy Pods Resources";
			outputPaths = (
			);
			runOnlyForDeploymentPostprocessing = 0;
			shellPath = /bin/sh;
			shellScript = "\"${SRCROOT}/Pods/Target Support Files/Pods-TaxiAppUITests/Pods-TaxiAppUITests-resources.sh\"\n";
			showEnvVarsInLog = 0;
		};
		3DFF4E3BF4E6B1CB0812258E /* [CP] Check Pods Manifest.lock */ = {
			isa = PBXShellScriptBuildPhase;
			buildActionMask = 2147483647;
			files = (
			);
			inputPaths = (
				"${PODS_PODFILE_DIR_PATH}/Podfile.lock",
				"${PODS_ROOT}/Manifest.lock",
			);
			name = "[CP] Check Pods Manifest.lock";
			outputPaths = (
				"$(DERIVED_FILE_DIR)/Pods-TaxiAppTests-checkManifestLockResult.txt",
			);
			runOnlyForDeploymentPostprocessing = 0;
			shellPath = /bin/sh;
			shellScript = "diff \"${PODS_PODFILE_DIR_PATH}/Podfile.lock\" \"${PODS_ROOT}/Manifest.lock\" > /dev/null\nif [ $? != 0 ] ; then\n    # print error to STDERR\n    echo \"error: The sandbox is not in sync with the Podfile.lock. Run 'pod install' or update your CocoaPods installation.\" >&2\n    exit 1\nfi\n# This output is used by Xcode 'outputs' to avoid re-running this script phase.\necho \"SUCCESS\" > \"${SCRIPT_OUTPUT_FILE_0}\"\n";
			showEnvVarsInLog = 0;
		};
		51FF5C73C63CC8C194A2E74E /* [CP] Copy Pods Resources */ = {
			isa = PBXShellScriptBuildPhase;
			buildActionMask = 2147483647;
			files = (
			);
			inputPaths = (
			);
			name = "[CP] Copy Pods Resources";
			outputPaths = (
			);
			runOnlyForDeploymentPostprocessing = 0;
			shellPath = /bin/sh;
			shellScript = "\"${SRCROOT}/Pods/Target Support Files/Pods-TaxiAppTests/Pods-TaxiAppTests-resources.sh\"\n";
			showEnvVarsInLog = 0;
		};
		528E061B8BBCF2ED18BF43E1 /* [CP] Check Pods Manifest.lock */ = {
			isa = PBXShellScriptBuildPhase;
			buildActionMask = 2147483647;
			files = (
			);
			inputPaths = (
				"${PODS_PODFILE_DIR_PATH}/Podfile.lock",
				"${PODS_ROOT}/Manifest.lock",
			);
			name = "[CP] Check Pods Manifest.lock";
			outputPaths = (
				"$(DERIVED_FILE_DIR)/Pods-TaxiAppUITests-checkManifestLockResult.txt",
			);
			runOnlyForDeploymentPostprocessing = 0;
			shellPath = /bin/sh;
			shellScript = "diff \"${PODS_PODFILE_DIR_PATH}/Podfile.lock\" \"${PODS_ROOT}/Manifest.lock\" > /dev/null\nif [ $? != 0 ] ; then\n    # print error to STDERR\n    echo \"error: The sandbox is not in sync with the Podfile.lock. Run 'pod install' or update your CocoaPods installation.\" >&2\n    exit 1\nfi\n# This output is used by Xcode 'outputs' to avoid re-running this script phase.\necho \"SUCCESS\" > \"${SCRIPT_OUTPUT_FILE_0}\"\n";
			showEnvVarsInLog = 0;
		};
		837D19D9E9AE281620309C9C /* [CP] Embed Pods Frameworks */ = {
			isa = PBXShellScriptBuildPhase;
			buildActionMask = 2147483647;
			files = (
			);
			inputPaths = (
			);
			name = "[CP] Embed Pods Frameworks";
			outputPaths = (
			);
			runOnlyForDeploymentPostprocessing = 0;
			shellPath = /bin/sh;
			shellScript = "\"${SRCROOT}/Pods/Target Support Files/Pods-TaxiAppTests/Pods-TaxiAppTests-frameworks.sh\"\n";
			showEnvVarsInLog = 0;
		};
		98340EBD886327BEC08DA588 /* [CP] Check Pods Manifest.lock */ = {
			isa = PBXShellScriptBuildPhase;
			buildActionMask = 2147483647;
			files = (
			);
			inputPaths = (
				"${PODS_PODFILE_DIR_PATH}/Podfile.lock",
				"${PODS_ROOT}/Manifest.lock",
			);
			name = "[CP] Check Pods Manifest.lock";
			outputPaths = (
				"$(DERIVED_FILE_DIR)/Pods-TaxiApp-checkManifestLockResult.txt",
			);
			runOnlyForDeploymentPostprocessing = 0;
			shellPath = /bin/sh;
			shellScript = "diff \"${PODS_PODFILE_DIR_PATH}/Podfile.lock\" \"${PODS_ROOT}/Manifest.lock\" > /dev/null\nif [ $? != 0 ] ; then\n    # print error to STDERR\n    echo \"error: The sandbox is not in sync with the Podfile.lock. Run 'pod install' or update your CocoaPods installation.\" >&2\n    exit 1\nfi\n# This output is used by Xcode 'outputs' to avoid re-running this script phase.\necho \"SUCCESS\" > \"${SCRIPT_OUTPUT_FILE_0}\"\n";
			showEnvVarsInLog = 0;
		};
		E25922BDB9CB283BDDCEDF8A /* [CP] Embed Pods Frameworks */ = {
			isa = PBXShellScriptBuildPhase;
			buildActionMask = 2147483647;
			files = (
			);
			inputPaths = (
			);
			name = "[CP] Embed Pods Frameworks";
			outputPaths = (
			);
			runOnlyForDeploymentPostprocessing = 0;
			shellPath = /bin/sh;
			shellScript = "\"${SRCROOT}/Pods/Target Support Files/Pods-TaxiApp/Pods-TaxiApp-frameworks.sh\"\n";
			showEnvVarsInLog = 0;
		};
		FCBE99B36734A674DD9412C1 /* [CP] Embed Pods Frameworks */ = {
			isa = PBXShellScriptBuildPhase;
			buildActionMask = 2147483647;
			files = (
			);
			inputPaths = (
			);
			name = "[CP] Embed Pods Frameworks";
			outputPaths = (
			);
			runOnlyForDeploymentPostprocessing = 0;
			shellPath = /bin/sh;
			shellScript = "\"${SRCROOT}/Pods/Target Support Files/Pods-TaxiAppUITests/Pods-TaxiAppUITests-frameworks.sh\"\n";
			showEnvVarsInLog = 0;
		};
/* End PBXShellScriptBuildPhase section */

/* Begin PBXSourcesBuildPhase section */
		915A01101F8FAC1B0073838F /* Sources */ = {
			isa = PBXSourcesBuildPhase;
			buildActionMask = 2147483647;
			files = (
				91960E381F92D1E700B8A152 /* Driver.swift in Sources */,
				919D7CC81F9245C10009B18F /* MapPageConfigurator.swift in Sources */,
				919D7CC61F9245C10009B18F /* MapPageViewController.swift in Sources */,
				91FFFC771F936A3700D58203 /* Gettable.swift in Sources */,
				919D7CC41F9245C10009B18F /* MapPagePresenter.swift in Sources */,
				919D7CC51F9245C10009B18F /* MapPageRouter.swift in Sources */,
				919D7CBC1F9245B20009B18F /* MapPageInteractor.swift in Sources */,
				919D7CC71F9245C10009B18F /* MapPageInputInteractor.swift in Sources */,
				91FFFC681F93621500D58203 /* RequestMethod.swift in Sources */,
				91FFFC6E1F93624800D58203 /* Dictionary+UrlEncoder.swift in Sources */,
				91FFFC6A1F93621500D58203 /* RequestEncoding.swift in Sources */,
				916301D41F93B67A005C8E83 /* Drivers.swift in Sources */,
				91FFFC6C1F93621500D58203 /* WebService.swift in Sources */,
				915A01181F8FAC1B0073838F /* AppDelegate.swift in Sources */,
				91FFFC6B1F93621500D58203 /* RequestResult.swift in Sources */,
				919D7CBD1F9245B20009B18F /* MapPageView.swift in Sources */,
				91FFFC691F93621500D58203 /* Endpoint.swift in Sources */,
				91FFFC751F936A1800D58203 /* DriversService.swift in Sources */,
				919D7CBE1F9245B20009B18F /* MapPageWireframe.swift in Sources */,
				91960E331F92BE7D00B8A152 /* Coordinate.swift in Sources */,
				91960E411F92D41800B8A152 /* Mappable.swift in Sources */,
				919D7CBB1F9245B20009B18F /* MapPageModule.swift in Sources */,
				91FFFC731F93633500D58203 /* DriversEndpoint.swift in Sources */,
				916301D21F93ADC3005C8E83 /* Trigger.swift in Sources */,
				91CEE9871F93E18E0070CD38 /* Double+Extension.swift in Sources */,
				917E51B31F940AC500584B85 /* ReverseGeolocationService.swift in Sources */,
				917E51B51F940DBA00584B85 /* Address.swift in Sources */,
				91960E2E1F92794500B8A152 /* AppConfig.swift in Sources */,
				919D7CD41F9254A90009B18F /* AppMain.swift in Sources */,
				916301CD1F93952A005C8E83 /* MapLocationView.swift in Sources */,
				919D7CD11F924B790009B18F /* ConfiguratorError.swift in Sources */,
			);
			runOnlyForDeploymentPostprocessing = 0;
		};
		915A01241F8FAC1B0073838F /* Sources */ = {
			isa = PBXSourcesBuildPhase;
			buildActionMask = 2147483647;
			files = (
			);
			runOnlyForDeploymentPostprocessing = 0;
		};
		915A012F1F8FAC1B0073838F /* Sources */ = {
			isa = PBXSourcesBuildPhase;
			buildActionMask = 2147483647;
			files = (
				915A01381F8FAC1B0073838F /* TaxiAppUITests.swift in Sources */,
			);
			runOnlyForDeploymentPostprocessing = 0;
		};
/* End PBXSourcesBuildPhase section */

/* Begin PBXTargetDependency section */
		915A012A1F8FAC1B0073838F /* PBXTargetDependency */ = {
			isa = PBXTargetDependency;
			target = 915A01131F8FAC1B0073838F /* TaxiApp */;
			targetProxy = 915A01291F8FAC1B0073838F /* PBXContainerItemProxy */;
		};
		915A01351F8FAC1B0073838F /* PBXTargetDependency */ = {
			isa = PBXTargetDependency;
			target = 915A01131F8FAC1B0073838F /* TaxiApp */;
			targetProxy = 915A01341F8FAC1B0073838F /* PBXContainerItemProxy */;
		};
/* End PBXTargetDependency section */

/* Begin PBXVariantGroup section */
		915A01201F8FAC1B0073838F /* LaunchScreen.storyboard */ = {
			isa = PBXVariantGroup;
			children = (
				915A01211F8FAC1B0073838F /* Base */,
			);
			name = LaunchScreen.storyboard;
			sourceTree = "<group>";
		};
/* End PBXVariantGroup section */

/* Begin XCBuildConfiguration section */
		915A013A1F8FAC1B0073838F /* Debug */ = {
			isa = XCBuildConfiguration;
			buildSettings = {
				ALWAYS_SEARCH_USER_PATHS = NO;
				CLANG_ANALYZER_NONNULL = YES;
				CLANG_ANALYZER_NUMBER_OBJECT_CONVERSION = YES_AGGRESSIVE;
				CLANG_CXX_LANGUAGE_STANDARD = "gnu++14";
				CLANG_CXX_LIBRARY = "libc++";
				CLANG_ENABLE_MODULES = YES;
				CLANG_ENABLE_OBJC_ARC = YES;
				CLANG_WARN_BLOCK_CAPTURE_AUTORELEASING = YES;
				CLANG_WARN_BOOL_CONVERSION = YES;
				CLANG_WARN_COMMA = YES;
				CLANG_WARN_CONSTANT_CONVERSION = YES;
				CLANG_WARN_DIRECT_OBJC_ISA_USAGE = YES_ERROR;
				CLANG_WARN_DOCUMENTATION_COMMENTS = YES;
				CLANG_WARN_EMPTY_BODY = YES;
				CLANG_WARN_ENUM_CONVERSION = YES;
				CLANG_WARN_INFINITE_RECURSION = YES;
				CLANG_WARN_INT_CONVERSION = YES;
				CLANG_WARN_NON_LITERAL_NULL_CONVERSION = YES;
				CLANG_WARN_OBJC_LITERAL_CONVERSION = YES;
				CLANG_WARN_OBJC_ROOT_CLASS = YES_ERROR;
				CLANG_WARN_RANGE_LOOP_ANALYSIS = YES;
				CLANG_WARN_STRICT_PROTOTYPES = YES;
				CLANG_WARN_SUSPICIOUS_MOVE = YES;
				CLANG_WARN_UNGUARDED_AVAILABILITY = YES_AGGRESSIVE;
				CLANG_WARN_UNREACHABLE_CODE = YES;
				CLANG_WARN__DUPLICATE_METHOD_MATCH = YES;
				CODE_SIGN_IDENTITY = "iPhone Developer";
				COPY_PHASE_STRIP = NO;
				DEBUG_INFORMATION_FORMAT = dwarf;
				ENABLE_STRICT_OBJC_MSGSEND = YES;
				ENABLE_TESTABILITY = YES;
				GCC_C_LANGUAGE_STANDARD = gnu11;
				GCC_DYNAMIC_NO_PIC = NO;
				GCC_NO_COMMON_BLOCKS = YES;
				GCC_OPTIMIZATION_LEVEL = 0;
				GCC_PREPROCESSOR_DEFINITIONS = (
					"DEBUG=1",
					"$(inherited)",
				);
				GCC_WARN_64_TO_32_BIT_CONVERSION = YES;
				GCC_WARN_ABOUT_RETURN_TYPE = YES_ERROR;
				GCC_WARN_UNDECLARED_SELECTOR = YES;
				GCC_WARN_UNINITIALIZED_AUTOS = YES_AGGRESSIVE;
				GCC_WARN_UNUSED_FUNCTION = YES;
				GCC_WARN_UNUSED_VARIABLE = YES;
				IPHONEOS_DEPLOYMENT_TARGET = 11.0;
				MTL_ENABLE_DEBUG_INFO = YES;
				ONLY_ACTIVE_ARCH = YES;
				SDKROOT = iphoneos;
				SWIFT_ACTIVE_COMPILATION_CONDITIONS = DEBUG;
				SWIFT_OPTIMIZATION_LEVEL = "-Onone";
			};
			name = Debug;
		};
		915A013B1F8FAC1B0073838F /* Release */ = {
			isa = XCBuildConfiguration;
			buildSettings = {
				ALWAYS_SEARCH_USER_PATHS = NO;
				CLANG_ANALYZER_NONNULL = YES;
				CLANG_ANALYZER_NUMBER_OBJECT_CONVERSION = YES_AGGRESSIVE;
				CLANG_CXX_LANGUAGE_STANDARD = "gnu++14";
				CLANG_CXX_LIBRARY = "libc++";
				CLANG_ENABLE_MODULES = YES;
				CLANG_ENABLE_OBJC_ARC = YES;
				CLANG_WARN_BLOCK_CAPTURE_AUTORELEASING = YES;
				CLANG_WARN_BOOL_CONVERSION = YES;
				CLANG_WARN_COMMA = YES;
				CLANG_WARN_CONSTANT_CONVERSION = YES;
				CLANG_WARN_DIRECT_OBJC_ISA_USAGE = YES_ERROR;
				CLANG_WARN_DOCUMENTATION_COMMENTS = YES;
				CLANG_WARN_EMPTY_BODY = YES;
				CLANG_WARN_ENUM_CONVERSION = YES;
				CLANG_WARN_INFINITE_RECURSION = YES;
				CLANG_WARN_INT_CONVERSION = YES;
				CLANG_WARN_NON_LITERAL_NULL_CONVERSION = YES;
				CLANG_WARN_OBJC_LITERAL_CONVERSION = YES;
				CLANG_WARN_OBJC_ROOT_CLASS = YES_ERROR;
				CLANG_WARN_RANGE_LOOP_ANALYSIS = YES;
				CLANG_WARN_STRICT_PROTOTYPES = YES;
				CLANG_WARN_SUSPICIOUS_MOVE = YES;
				CLANG_WARN_UNGUARDED_AVAILABILITY = YES_AGGRESSIVE;
				CLANG_WARN_UNREACHABLE_CODE = YES;
				CLANG_WARN__DUPLICATE_METHOD_MATCH = YES;
				CODE_SIGN_IDENTITY = "iPhone Developer";
				COPY_PHASE_STRIP = NO;
				DEBUG_INFORMATION_FORMAT = "dwarf-with-dsym";
				ENABLE_NS_ASSERTIONS = NO;
				ENABLE_STRICT_OBJC_MSGSEND = YES;
				GCC_C_LANGUAGE_STANDARD = gnu11;
				GCC_NO_COMMON_BLOCKS = YES;
				GCC_WARN_64_TO_32_BIT_CONVERSION = YES;
				GCC_WARN_ABOUT_RETURN_TYPE = YES_ERROR;
				GCC_WARN_UNDECLARED_SELECTOR = YES;
				GCC_WARN_UNINITIALIZED_AUTOS = YES_AGGRESSIVE;
				GCC_WARN_UNUSED_FUNCTION = YES;
				GCC_WARN_UNUSED_VARIABLE = YES;
				IPHONEOS_DEPLOYMENT_TARGET = 11.0;
				MTL_ENABLE_DEBUG_INFO = NO;
				SDKROOT = iphoneos;
				SWIFT_OPTIMIZATION_LEVEL = "-Owholemodule";
				VALIDATE_PRODUCT = YES;
			};
			name = Release;
		};
		915A013D1F8FAC1B0073838F /* Debug */ = {
			isa = XCBuildConfiguration;
			baseConfigurationReference = 93A40FBF35AD52AFE77C670B /* Pods-TaxiApp.debug.xcconfig */;
			buildSettings = {
				ASSETCATALOG_COMPILER_APPICON_NAME = AppIcon;
				CODE_SIGN_STYLE = Automatic;
				DEVELOPMENT_TEAM = SD6HQTT68J;
				INFOPLIST_FILE = TaxiApp/Info.plist;
				IPHONEOS_DEPLOYMENT_TARGET = 9.3;
				LD_RUNPATH_SEARCH_PATHS = "$(inherited) @executable_path/Frameworks";
				PRODUCT_BUNDLE_IDENTIFIER = exe.dede.TaxiApp;
				PRODUCT_NAME = "$(TARGET_NAME)";
				SWIFT_VERSION = 4.0;
				TARGETED_DEVICE_FAMILY = 1;
			};
			name = Debug;
		};
		915A013E1F8FAC1B0073838F /* Release */ = {
			isa = XCBuildConfiguration;
			baseConfigurationReference = 26CC6D704D5FF1768B62E1B5 /* Pods-TaxiApp.release.xcconfig */;
			buildSettings = {
				ASSETCATALOG_COMPILER_APPICON_NAME = AppIcon;
				CODE_SIGN_STYLE = Automatic;
				DEVELOPMENT_TEAM = SD6HQTT68J;
				INFOPLIST_FILE = TaxiApp/Info.plist;
				IPHONEOS_DEPLOYMENT_TARGET = 9.3;
				LD_RUNPATH_SEARCH_PATHS = "$(inherited) @executable_path/Frameworks";
				PRODUCT_BUNDLE_IDENTIFIER = exe.dede.TaxiApp;
				PRODUCT_NAME = "$(TARGET_NAME)";
				SWIFT_VERSION = 4.0;
				TARGETED_DEVICE_FAMILY = 1;
			};
			name = Release;
		};
		915A01401F8FAC1B0073838F /* Debug */ = {
			isa = XCBuildConfiguration;
			baseConfigurationReference = 32085267F4CAA0D3D32BE7C4 /* Pods-TaxiAppTests.debug.xcconfig */;
			buildSettings = {
				ALWAYS_EMBED_SWIFT_STANDARD_LIBRARIES = YES;
				BUNDLE_LOADER = "$(TEST_HOST)";
				CODE_SIGN_STYLE = Automatic;
				INFOPLIST_FILE = TaxiAppTests/Info.plist;
				LD_RUNPATH_SEARCH_PATHS = "$(inherited) @executable_path/Frameworks @loader_path/Frameworks";
				PRODUCT_BUNDLE_IDENTIFIER = exe.dede.TaxiAppTests;
				PRODUCT_NAME = "$(TARGET_NAME)";
				SWIFT_VERSION = 4.0;
				TARGETED_DEVICE_FAMILY = "1,2";
				TEST_HOST = "$(BUILT_PRODUCTS_DIR)/TaxiApp.app/TaxiApp";
			};
			name = Debug;
		};
		915A01411F8FAC1B0073838F /* Release */ = {
			isa = XCBuildConfiguration;
			baseConfigurationReference = E244A437CCD16DB2233A7CB2 /* Pods-TaxiAppTests.release.xcconfig */;
			buildSettings = {
				ALWAYS_EMBED_SWIFT_STANDARD_LIBRARIES = YES;
				BUNDLE_LOADER = "$(TEST_HOST)";
				CODE_SIGN_STYLE = Automatic;
				INFOPLIST_FILE = TaxiAppTests/Info.plist;
				LD_RUNPATH_SEARCH_PATHS = "$(inherited) @executable_path/Frameworks @loader_path/Frameworks";
				PRODUCT_BUNDLE_IDENTIFIER = exe.dede.TaxiAppTests;
				PRODUCT_NAME = "$(TARGET_NAME)";
				SWIFT_VERSION = 4.0;
				TARGETED_DEVICE_FAMILY = "1,2";
				TEST_HOST = "$(BUILT_PRODUCTS_DIR)/TaxiApp.app/TaxiApp";
			};
			name = Release;
		};
		915A01431F8FAC1B0073838F /* Debug */ = {
			isa = XCBuildConfiguration;
			baseConfigurationReference = 4ED3795FA4BBBEBA6BD8D334 /* Pods-TaxiAppUITests.debug.xcconfig */;
			buildSettings = {
				ALWAYS_EMBED_SWIFT_STANDARD_LIBRARIES = YES;
				CODE_SIGN_STYLE = Automatic;
				INFOPLIST_FILE = TaxiAppUITests/Info.plist;
				LD_RUNPATH_SEARCH_PATHS = "$(inherited) @executable_path/Frameworks @loader_path/Frameworks";
				PRODUCT_BUNDLE_IDENTIFIER = exe.dede.TaxiAppUITests;
				PRODUCT_NAME = "$(TARGET_NAME)";
				SWIFT_VERSION = 4.0;
				TARGETED_DEVICE_FAMILY = "1,2";
				TEST_TARGET_NAME = TaxiApp;
			};
			name = Debug;
		};
		915A01441F8FAC1B0073838F /* Release */ = {
			isa = XCBuildConfiguration;
			baseConfigurationReference = 5DE8DA38640254D58822B524 /* Pods-TaxiAppUITests.release.xcconfig */;
			buildSettings = {
				ALWAYS_EMBED_SWIFT_STANDARD_LIBRARIES = YES;
				CODE_SIGN_STYLE = Automatic;
				INFOPLIST_FILE = TaxiAppUITests/Info.plist;
				LD_RUNPATH_SEARCH_PATHS = "$(inherited) @executable_path/Frameworks @loader_path/Frameworks";
				PRODUCT_BUNDLE_IDENTIFIER = exe.dede.TaxiAppUITests;
				PRODUCT_NAME = "$(TARGET_NAME)";
				SWIFT_VERSION = 4.0;
				TARGETED_DEVICE_FAMILY = "1,2";
				TEST_TARGET_NAME = TaxiApp;
			};
			name = Release;
		};
/* End XCBuildConfiguration section */

/* Begin XCConfigurationList section */
		915A010F1F8FAC1B0073838F /* Build configuration list for PBXProject "TaxiApp" */ = {
			isa = XCConfigurationList;
			buildConfigurations = (
				915A013A1F8FAC1B0073838F /* Debug */,
				915A013B1F8FAC1B0073838F /* Release */,
			);
			defaultConfigurationIsVisible = 0;
			defaultConfigurationName = Release;
		};
		915A013C1F8FAC1B0073838F /* Build configuration list for PBXNativeTarget "TaxiApp" */ = {
			isa = XCConfigurationList;
			buildConfigurations = (
				915A013D1F8FAC1B0073838F /* Debug */,
				915A013E1F8FAC1B0073838F /* Release */,
			);
			defaultConfigurationIsVisible = 0;
			defaultConfigurationName = Release;
		};
		915A013F1F8FAC1B0073838F /* Build configuration list for PBXNativeTarget "TaxiAppTests" */ = {
			isa = XCConfigurationList;
			buildConfigurations = (
				915A01401F8FAC1B0073838F /* Debug */,
				915A01411F8FAC1B0073838F /* Release */,
			);
			defaultConfigurationIsVisible = 0;
			defaultConfigurationName = Release;
		};
		915A01421F8FAC1B0073838F /* Build configuration list for PBXNativeTarget "TaxiAppUITests" */ = {
			isa = XCConfigurationList;
			buildConfigurations = (
				915A01431F8FAC1B0073838F /* Debug */,
				915A01441F8FAC1B0073838F /* Release */,
			);
			defaultConfigurationIsVisible = 0;
			defaultConfigurationName = Release;
		};
/* End XCConfigurationList section */
	};
	rootObject = 915A010C1F8FAC1B0073838F /* Project object */;
}
